
Microsoft Visual Studio Solution File, Format Version 12.00
# Visual Studio Version 17
VisualStudioVersion = 17.14.36301.6
MinimumVisualStudioVersion = 10.0.40219.1
Project("{FAE04EC0-301F-11D3-BF4B-00C04F79EFBC}") = "ClinicManagementSystem.UI", "ClinicManagementSystem.UI\ClinicManagementSystem.UI.csproj", "{D4BBE5EE-77CE-41A4-A1EA-4A2B7CA58C07}"
EndProject
Project("{FAE04EC0-301F-11D3-BF4B-00C04F79EFBC}") = "ClinicManagementSystem.Data", "ClinicManagementSystem.Data\ClinicManagementSystem.Data.csproj", "{04260AB2-B9FC-4D67-A58E-3731651CFD3D}"
EndProject
Project("{FAE04EC0-301F-11D3-BF4B-00C04F79EFBC}") = "ClinicManagementSystem.Logic", "ClinicManagementSystem.Logic\ClinicManagementSystem.Logic.csproj", "{A91F3BB0-2241-470A-A240-F31CBAC75A76}"
EndProject
Global
	GlobalSection(SolutionConfigurationPlatforms) = preSolution
		Debug|Any CPU = Debug|Any CPU
		Release|Any CPU = Release|Any CPU
	EndGlobalSection
	GlobalSection(ProjectConfigurationPlatforms) = postSolution
		{D4BBE5EE-77CE-41A4-A1EA-4A2B7CA58C07}.Debug|Any CPU.ActiveCfg = Debug|Any CPU
		{D4BBE5EE-77CE-41A4-A1EA-4A2B7CA58C07}.Debug|Any CPU.Build.0 = Debug|Any CPU
		{D4BBE5EE-77CE-41A4-A1EA-4A2B7CA58C07}.Release|Any CPU.ActiveCfg = Release|Any CPU
		{D4BBE5EE-77CE-41A4-A1EA-4A2B7CA58C07}.Release|Any CPU.Build.0 = Release|Any CPU
		{04260AB2-B9FC-4D67-A58E-3731651CFD3D}.Debug|Any CPU.ActiveCfg = Debug|Any CPU
		{04260AB2-B9FC-4D67-A58E-3731651CFD3D}.Debug|Any CPU.Build.0 = Debug|Any CPU
		{04260AB2-B9FC-4D67-A58E-3731651CFD3D}.Release|Any CPU.ActiveCfg = Release|Any CPU
		{04260AB2-B9FC-4D67-A58E-3731651CFD3D}.Release|Any CPU.Build.0 = Release|Any CPU
		{A91F3BB0-2241-470A-A240-F31CBAC75A76}.Debug|Any CPU.ActiveCfg = Debug|Any CPU
		{A91F3BB0-2241-470A-A240-F31CBAC75A76}.Debug|Any CPU.Build.0 = Debug|Any CPU
		{A91F3BB0-2241-470A-A240-F31CBAC75A76}.Release|Any CPU.ActiveCfg = Release|Any CPU
		{A91F3BB0-2241-470A-A240-F31CBAC75A76}.Release|Any CPU.Build.0 = Release|Any CPU
	EndGlobalSection
	GlobalSection(SolutionProperties) = preSolution
		HideSolutionNode = FALSE
	EndGlobalSection
	GlobalSection(ExtensibilityGlobals) = postSolution
		SolutionGuid = {712A1064-10F4-49E2-ACB3-1F49D7F34A5A}
	EndGlobalSection
EndGlobal
